
Microsoft Visual Studio Solution File, Format Version 12.00
# Visual Studio Version 17
VisualStudioVersion = 17.1.32407.343
MinimumVisualStudioVersion = 10.0.40219.1
Project("{CFBE7D06-7AFF-4A12-8A0F-77DFA36029AC}") = "DecayingStructures", "Source\DecayingStructures.csproj", "{6E51C10F-7F38-4708-919C-FDBA4609C263}"
EndProject
Global
	GlobalSection(SolutionConfigurationPlatforms) = preSolution
		Debug|Any CPU = Debug|Any CPU
		Release|Any CPU = Release|Any CPU
	EndGlobalSection
	GlobalSection(ProjectConfigurationPlatforms) = postSolution
		{6E51C10F-7F38-4708-919C-FDBA4609C263}.Debug|Any CPU.ActiveCfg = Debug|Any CPU
		{6E51C10F-7F38-4708-919C-FDBA4609C263}.Debug|Any CPU.Build.0 = Debug|Any CPU
		{6E51C10F-7F38-4708-919C-FDBA4609C263}.Release|Any CPU.ActiveCfg = Release|Any CPU
		{6E51C10F-7F38-4708-919C-FDBA4609C263}.Release|Any CPU.Build.0 = Release|Any CPU
	EndGlobalSection
	GlobalSection(SolutionProperties) = preSolution
		HideSolutionNode = FALSE
	EndGlobalSection
	GlobalSection(ExtensibilityGlobals) = postSolution
		SolutionGuid = {A7B36BF2-B213-42A3-A056-23646AA85A33}
	EndGlobalSection
EndGlobal
